
Microsoft Visual Studio Solution File, Format Version 12.00
# Visual Studio Version 16
VisualStudioVersion = 16.0.28803.352
MinimumVisualStudioVersion = 10.0.40219.1
Project("{FAE04EC0-301F-11D3-BF4B-00C04F79EFBC}") = "Sklad_v1_001", "Sklad_v1_001\Sklad_v1_001.csproj", "{E5596643-F9BB-44B2-92D1-5A09384327A3}"
EndProject
Global
	GlobalSection(SolutionConfigurationPlatforms) = preSolution
		Debug|Any CPU = Debug|Any CPU
		Debug|x86 = Debug|x86
		Release|Any CPU = Release|Any CPU
		Release|x86 = Release|x86
	EndGlobalSection
	GlobalSection(ProjectConfigurationPlatforms) = postSolution
		{E5596643-F9BB-44B2-92D1-5A09384327A3}.Debug|Any CPU.ActiveCfg = Debug|Any CPU
		{E5596643-F9BB-44B2-92D1-5A09384327A3}.Debug|Any CPU.Build.0 = Debug|Any CPU
		{E5596643-F9BB-44B2-92D1-5A09384327A3}.Debug|x86.ActiveCfg = Debug|Any CPU
		{E5596643-F9BB-44B2-92D1-5A09384327A3}.Debug|x86.Build.0 = Debug|Any CPU
		{E5596643-F9BB-44B2-92D1-5A09384327A3}.Release|Any CPU.ActiveCfg = Release|Any CPU
		{E5596643-F9BB-44B2-92D1-5A09384327A3}.Release|Any CPU.Build.0 = Release|Any CPU
		{E5596643-F9BB-44B2-92D1-5A09384327A3}.Release|x86.ActiveCfg = Release|Any CPU
		{E5596643-F9BB-44B2-92D1-5A09384327A3}.Release|x86.Build.0 = Release|Any CPU
	EndGlobalSection
	GlobalSection(SolutionProperties) = preSolution
		HideSolutionNode = FALSE
	EndGlobalSection
	GlobalSection(ExtensibilityGlobals) = postSolution
		SolutionGuid = {9D7AA463-5FB9-4C23-90FD-0BD8CF7AD6E1}
	EndGlobalSection
EndGlobal
