
Microsoft Visual Studio Solution File, Format Version 12.00
# Visual Studio Version 16
VisualStudioVersion = 16.0.32510.428
MinimumVisualStudioVersion = 10.0.40219.1
Project("{FAE04EC0-301F-11D3-BF4B-00C04F79EFBC}") = "GMaps_Test", "GMaps_Test\GMaps_Test.csproj", "{4486A78D-6525-4063-822A-4D1C490EA917}"
EndProject
Global
	GlobalSection(SolutionConfigurationPlatforms) = preSolution
		Debug|Any CPU = Debug|Any CPU
		Release|Any CPU = Release|Any CPU
	EndGlobalSection
	GlobalSection(ProjectConfigurationPlatforms) = postSolution
		{4486A78D-6525-4063-822A-4D1C490EA917}.Debug|Any CPU.ActiveCfg = Debug|Any CPU
		{4486A78D-6525-4063-822A-4D1C490EA917}.Debug|Any CPU.Build.0 = Debug|Any CPU
		{4486A78D-6525-4063-822A-4D1C490EA917}.Release|Any CPU.ActiveCfg = Release|Any CPU
		{4486A78D-6525-4063-822A-4D1C490EA917}.Release|Any CPU.Build.0 = Release|Any CPU
	EndGlobalSection
	GlobalSection(SolutionProperties) = preSolution
		HideSolutionNode = FALSE
	EndGlobalSection
	GlobalSection(ExtensibilityGlobals) = postSolution
		SolutionGuid = {D151DABC-106F-4483-BC6C-7184C4F10A9D}
	EndGlobalSection
EndGlobal
